
Microsoft Visual Studio Solution File, Format Version 12.00
# Visual Studio Version 17
VisualStudioVersion = 17.13.35931.197
MinimumVisualStudioVersion = 10.0.40219.1
Project("{FAE04EC0-301F-11D3-BF4B-00C04F79EFBC}") = "GPBH.UI", "GPBH.UI\GPBH.UI.csproj", "{0799EF9D-FAFC-4FAD-96D0-CFB412A70F88}"
EndProject
Project("{FAE04EC0-301F-11D3-BF4B-00C04F79EFBC}") = "GPBH.Business", "GPBH.Business\GPBH.Business.csproj", "{0D342A52-B701-4D80-B3B5-D29912ADA641}"
EndProject
Project("{FAE04EC0-301F-11D3-BF4B-00C04F79EFBC}") = "GPBH.Data", "GPBH.Data\GPBH.Data.csproj", "{E2531C10-8536-4B1E-AC0E-46B0822D5F80}"
EndProject
Project("{FAE04EC0-301F-11D3-BF4B-00C04F79EFBC}") = "InstallerCustomAction", "InstallerCustomAction\InstallerCustomAction.csproj", "{D8E18A46-EB93-4DD6-9DCA-C9D8299D994A}"
EndProject
Project("{54435603-DBB4-11D2-8724-00A0C9A8B90C}") = "Setup.GPBH", "Setup.GPBH\Setup.GPBH.vdproj", "{B6E06CDA-B301-111E-726F-09B3FD363CA9}"
EndProject
Global
	GlobalSection(SolutionConfigurationPlatforms) = preSolution
		Debug|Any CPU = Debug|Any CPU
		Release|Any CPU = Release|Any CPU
	EndGlobalSection
	GlobalSection(ProjectConfigurationPlatforms) = postSolution
		{0799EF9D-FAFC-4FAD-96D0-CFB412A70F88}.Debug|Any CPU.ActiveCfg = Debug|Any CPU
		{0799EF9D-FAFC-4FAD-96D0-CFB412A70F88}.Debug|Any CPU.Build.0 = Debug|Any CPU
		{0799EF9D-FAFC-4FAD-96D0-CFB412A70F88}.Release|Any CPU.ActiveCfg = Release|Any CPU
		{0799EF9D-FAFC-4FAD-96D0-CFB412A70F88}.Release|Any CPU.Build.0 = Release|Any CPU
		{0D342A52-B701-4D80-B3B5-D29912ADA641}.Debug|Any CPU.ActiveCfg = Debug|Any CPU
		{0D342A52-B701-4D80-B3B5-D29912ADA641}.Debug|Any CPU.Build.0 = Debug|Any CPU
		{0D342A52-B701-4D80-B3B5-D29912ADA641}.Release|Any CPU.ActiveCfg = Release|Any CPU
		{0D342A52-B701-4D80-B3B5-D29912ADA641}.Release|Any CPU.Build.0 = Release|Any CPU
		{E2531C10-8536-4B1E-AC0E-46B0822D5F80}.Debug|Any CPU.ActiveCfg = Debug|Any CPU
		{E2531C10-8536-4B1E-AC0E-46B0822D5F80}.Debug|Any CPU.Build.0 = Debug|Any CPU
		{E2531C10-8536-4B1E-AC0E-46B0822D5F80}.Release|Any CPU.ActiveCfg = Release|Any CPU
		{E2531C10-8536-4B1E-AC0E-46B0822D5F80}.Release|Any CPU.Build.0 = Release|Any CPU
		{D8E18A46-EB93-4DD6-9DCA-C9D8299D994A}.Debug|Any CPU.ActiveCfg = Debug|Any CPU
		{D8E18A46-EB93-4DD6-9DCA-C9D8299D994A}.Debug|Any CPU.Build.0 = Debug|Any CPU
		{D8E18A46-EB93-4DD6-9DCA-C9D8299D994A}.Release|Any CPU.ActiveCfg = Release|Any CPU
		{D8E18A46-EB93-4DD6-9DCA-C9D8299D994A}.Release|Any CPU.Build.0 = Release|Any CPU
		{B6E06CDA-B301-111E-726F-09B3FD363CA9}.Debug|Any CPU.ActiveCfg = Debug
		{B6E06CDA-B301-111E-726F-09B3FD363CA9}.Release|Any CPU.ActiveCfg = Release
	EndGlobalSection
	GlobalSection(SolutionProperties) = preSolution
		HideSolutionNode = FALSE
	EndGlobalSection
	GlobalSection(ExtensibilityGlobals) = postSolution
		SolutionGuid = {5ABDDC36-3BD0-4643-A028-678F1FF59544}
	EndGlobalSection
EndGlobal
